
Microsoft Visual Studio Solution File, Format Version 12.00
# Visual Studio Version 16
VisualStudioVersion = 16.0.29503.13
MinimumVisualStudioVersion = 10.0.40219.1
Project("{FAE04EC0-301F-11D3-BF4B-00C04F79EFBC}") = "ManWorker.Application", "ManWorker.Application.csproj", "{F8E0B9B5-9AE3-4259-8096-AEB7E3E0C804}"
EndProject
Project("{FAE04EC0-301F-11D3-BF4B-00C04F79EFBC}") = "ManWorker.Infrastructure", "..\ManWorker.Infrastructure\ManWorker.Infrastructure.csproj", "{8F726D19-C7A9-4526-AC7D-7613DCE04CA6}"
EndProject
Project("{FAE04EC0-301F-11D3-BF4B-00C04F79EFBC}") = "ManWorker.Domain", "..\ManWorker.Domain\ManWorker.Domain.csproj", "{59F0A507-3F16-4199-A4AF-42054052F868}"
EndProject
Global
	GlobalSection(SolutionConfigurationPlatforms) = preSolution
		Debug|Any CPU = Debug|Any CPU
		Release|Any CPU = Release|Any CPU
	EndGlobalSection
	GlobalSection(ProjectConfigurationPlatforms) = postSolution
		{F8E0B9B5-9AE3-4259-8096-AEB7E3E0C804}.Debug|Any CPU.ActiveCfg = Debug|Any CPU
		{F8E0B9B5-9AE3-4259-8096-AEB7E3E0C804}.Debug|Any CPU.Build.0 = Debug|Any CPU
		{F8E0B9B5-9AE3-4259-8096-AEB7E3E0C804}.Release|Any CPU.ActiveCfg = Release|Any CPU
		{F8E0B9B5-9AE3-4259-8096-AEB7E3E0C804}.Release|Any CPU.Build.0 = Release|Any CPU
		{8F726D19-C7A9-4526-AC7D-7613DCE04CA6}.Debug|Any CPU.ActiveCfg = Debug|Any CPU
		{8F726D19-C7A9-4526-AC7D-7613DCE04CA6}.Debug|Any CPU.Build.0 = Debug|Any CPU
		{8F726D19-C7A9-4526-AC7D-7613DCE04CA6}.Release|Any CPU.ActiveCfg = Release|Any CPU
		{8F726D19-C7A9-4526-AC7D-7613DCE04CA6}.Release|Any CPU.Build.0 = Release|Any CPU
		{59F0A507-3F16-4199-A4AF-42054052F868}.Debug|Any CPU.ActiveCfg = Debug|Any CPU
		{59F0A507-3F16-4199-A4AF-42054052F868}.Debug|Any CPU.Build.0 = Debug|Any CPU
		{59F0A507-3F16-4199-A4AF-42054052F868}.Release|Any CPU.ActiveCfg = Release|Any CPU
		{59F0A507-3F16-4199-A4AF-42054052F868}.Release|Any CPU.Build.0 = Release|Any CPU
	EndGlobalSection
	GlobalSection(SolutionProperties) = preSolution
		HideSolutionNode = FALSE
	EndGlobalSection
	GlobalSection(ExtensibilityGlobals) = postSolution
		SolutionGuid = {09E872A9-72B0-4319-AC88-ADB2C576FD6C}
	EndGlobalSection
EndGlobal
